
Microsoft Visual Studio Solution File, Format Version 12.00
# Visual Studio Version 17
VisualStudioVersion = 17.14.36518.9
MinimumVisualStudioVersion = 10.0.40219.1
Project("{FAE04EC0-301F-11D3-BF4B-00C04F79EFBC}") = "Task1", "Task1\Task1.csproj", "{23677A20-99F6-4978-8743-C8FCE97294FA}"
EndProject
Project("{FAE04EC0-301F-11D3-BF4B-00C04F79EFBC}") = "Task2", "Task2\Task2.csproj", "{AE72CA73-3E4A-4CCD-9D31-90B95AE1FE13}"
EndProject
Project("{FAE04EC0-301F-11D3-BF4B-00C04F79EFBC}") = "Task3", "Task3\Task3.csproj", "{7710DF33-DD8B-4282-BA57-538F3DEA577A}"
EndProject
Project("{FAE04EC0-301F-11D3-BF4B-00C04F79EFBC}") = "Task4", "Task4\Task4.csproj", "{3D6B14C9-EA1C-4267-8EB2-1A36CEA549C1}"
EndProject
Project("{FAE04EC0-301F-11D3-BF4B-00C04F79EFBC}") = "Task5", "Task5\Task5.csproj", "{B21CAF6E-0C49-4F29-8DF6-D82FC1D33C4D}"
EndProject
Project("{FAE04EC0-301F-11D3-BF4B-00C04F79EFBC}") = "Practical1Test", "Practical1Test\Practical1Test.csproj", "{5E15263E-C9F9-87E6-B3BD-5E716FC1CDEF}"
EndProject
Global
	GlobalSection(SolutionConfigurationPlatforms) = preSolution
		Debug|Any CPU = Debug|Any CPU
		Release|Any CPU = Release|Any CPU
	EndGlobalSection
	GlobalSection(ProjectConfigurationPlatforms) = postSolution
		{23677A20-99F6-4978-8743-C8FCE97294FA}.Debug|Any CPU.ActiveCfg = Debug|Any CPU
		{23677A20-99F6-4978-8743-C8FCE97294FA}.Debug|Any CPU.Build.0 = Debug|Any CPU
		{23677A20-99F6-4978-8743-C8FCE97294FA}.Release|Any CPU.ActiveCfg = Release|Any CPU
		{23677A20-99F6-4978-8743-C8FCE97294FA}.Release|Any CPU.Build.0 = Release|Any CPU
		{AE72CA73-3E4A-4CCD-9D31-90B95AE1FE13}.Debug|Any CPU.ActiveCfg = Debug|Any CPU
		{AE72CA73-3E4A-4CCD-9D31-90B95AE1FE13}.Debug|Any CPU.Build.0 = Debug|Any CPU
		{AE72CA73-3E4A-4CCD-9D31-90B95AE1FE13}.Release|Any CPU.ActiveCfg = Release|Any CPU
		{AE72CA73-3E4A-4CCD-9D31-90B95AE1FE13}.Release|Any CPU.Build.0 = Release|Any CPU
		{7710DF33-DD8B-4282-BA57-538F3DEA577A}.Debug|Any CPU.ActiveCfg = Debug|Any CPU
		{7710DF33-DD8B-4282-BA57-538F3DEA577A}.Debug|Any CPU.Build.0 = Debug|Any CPU
		{7710DF33-DD8B-4282-BA57-538F3DEA577A}.Release|Any CPU.ActiveCfg = Release|Any CPU
		{7710DF33-DD8B-4282-BA57-538F3DEA577A}.Release|Any CPU.Build.0 = Release|Any CPU
		{3D6B14C9-EA1C-4267-8EB2-1A36CEA549C1}.Debug|Any CPU.ActiveCfg = Debug|Any CPU
		{3D6B14C9-EA1C-4267-8EB2-1A36CEA549C1}.Debug|Any CPU.Build.0 = Debug|Any CPU
		{3D6B14C9-EA1C-4267-8EB2-1A36CEA549C1}.Release|Any CPU.ActiveCfg = Release|Any CPU
		{3D6B14C9-EA1C-4267-8EB2-1A36CEA549C1}.Release|Any CPU.Build.0 = Release|Any CPU
		{B21CAF6E-0C49-4F29-8DF6-D82FC1D33C4D}.Debug|Any CPU.ActiveCfg = Debug|Any CPU
		{B21CAF6E-0C49-4F29-8DF6-D82FC1D33C4D}.Debug|Any CPU.Build.0 = Debug|Any CPU
		{B21CAF6E-0C49-4F29-8DF6-D82FC1D33C4D}.Release|Any CPU.ActiveCfg = Release|Any CPU
		{B21CAF6E-0C49-4F29-8DF6-D82FC1D33C4D}.Release|Any CPU.Build.0 = Release|Any CPU
		{5E15263E-C9F9-87E6-B3BD-5E716FC1CDEF}.Debug|Any CPU.ActiveCfg = Debug|Any CPU
		{5E15263E-C9F9-87E6-B3BD-5E716FC1CDEF}.Debug|Any CPU.Build.0 = Debug|Any CPU
		{5E15263E-C9F9-87E6-B3BD-5E716FC1CDEF}.Release|Any CPU.ActiveCfg = Release|Any CPU
		{5E15263E-C9F9-87E6-B3BD-5E716FC1CDEF}.Release|Any CPU.Build.0 = Release|Any CPU
	EndGlobalSection
	GlobalSection(SolutionProperties) = preSolution
		HideSolutionNode = FALSE
	EndGlobalSection
	GlobalSection(ExtensibilityGlobals) = postSolution
		SolutionGuid = {D7D6D320-6051-4348-A5F0-B73B8FF30A87}
	EndGlobalSection
EndGlobal
